
Microsoft Visual Studio Solution File, Format Version 12.00
# Visual Studio Version 17
VisualStudioVersion = 17.6.33417.168
MinimumVisualStudioVersion = 10.0.40219.1
Project("{FAE04EC0-301F-11D3-BF4B-00C04F79EFBC}") = "PehliDukaan.web", "PehliDukaan.web\PehliDukaan.web.csproj", "{87F82BEB-83A8-4A52-B639-8812A475912E}"
EndProject
Project("{FAE04EC0-301F-11D3-BF4B-00C04F79EFBC}") = "PehliDukaan.Entities", "PehliDukaan.Entities\PehliDukaan.Entities.csproj", "{3873D63C-2073-4D13-BFEA-0BC2AD79C695}"
EndProject
Project("{FAE04EC0-301F-11D3-BF4B-00C04F79EFBC}") = "PehliDukaan.Database", "PehliDukaan.Database\PehliDukaan.Database.csproj", "{81151784-E14F-45FA-82C6-BAA091408288}"
EndProject
Global
	GlobalSection(SolutionConfigurationPlatforms) = preSolution
		Debug|Any CPU = Debug|Any CPU
		Release|Any CPU = Release|Any CPU
	EndGlobalSection
	GlobalSection(ProjectConfigurationPlatforms) = postSolution
		{87F82BEB-83A8-4A52-B639-8812A475912E}.Debug|Any CPU.ActiveCfg = Debug|Any CPU
		{87F82BEB-83A8-4A52-B639-8812A475912E}.Debug|Any CPU.Build.0 = Debug|Any CPU
		{87F82BEB-83A8-4A52-B639-8812A475912E}.Release|Any CPU.ActiveCfg = Release|Any CPU
		{87F82BEB-83A8-4A52-B639-8812A475912E}.Release|Any CPU.Build.0 = Release|Any CPU
		{3873D63C-2073-4D13-BFEA-0BC2AD79C695}.Debug|Any CPU.ActiveCfg = Debug|Any CPU
		{3873D63C-2073-4D13-BFEA-0BC2AD79C695}.Debug|Any CPU.Build.0 = Debug|Any CPU
		{3873D63C-2073-4D13-BFEA-0BC2AD79C695}.Release|Any CPU.ActiveCfg = Release|Any CPU
		{3873D63C-2073-4D13-BFEA-0BC2AD79C695}.Release|Any CPU.Build.0 = Release|Any CPU
		{81151784-E14F-45FA-82C6-BAA091408288}.Debug|Any CPU.ActiveCfg = Debug|Any CPU
		{81151784-E14F-45FA-82C6-BAA091408288}.Debug|Any CPU.Build.0 = Debug|Any CPU
		{81151784-E14F-45FA-82C6-BAA091408288}.Release|Any CPU.ActiveCfg = Release|Any CPU
		{81151784-E14F-45FA-82C6-BAA091408288}.Release|Any CPU.Build.0 = Release|Any CPU
	EndGlobalSection
	GlobalSection(SolutionProperties) = preSolution
		HideSolutionNode = FALSE
	EndGlobalSection
	GlobalSection(ExtensibilityGlobals) = postSolution
		SolutionGuid = {B9A32C46-2BDB-4552-ADD8-B122FA387EBD}
	EndGlobalSection
EndGlobal
